# This file is autogenerated, do not edit; changes may be undone by the next 'dep ensure'.


[[projects]]
  branch = "master"
  name = "github.com/dukfaar/goUtils"
  packages = [
    "env",
    "eventbus"
  ]
  revision = "27c8e4b6ad8cb02a496c9e5a8b9120ecbc09dfda"

[[projects]]
  branch = "master"
  name = "github.com/golang/snappy"
  packages = ["."]
  revision = "2e65f85255dbc3072edf28d6b5b8efc472979f5a"

[[projects]]
  name = "github.com/nsqio/go-nsq"
  packages = ["."]
  revision = "eee57a3ac4174c55924125bb15eeeda8cffb6e6f"
  version = "v1.0.7"

[solve-meta]
  analyzer-name = "dep"
  analyzer-version = 1
  inputs-digest = "42e7a6f73e494df92f3688611638aa6a6cd3dbf90673a5b3776c90827839a23e"
  solver-name = "gps-cdcl"
  solver-version = 1
